
Microsoft Visual Studio Solution File, Format Version 12.00
# Visual Studio 15
Project("{FAE04EC0-301F-11D3-BF4B-00C04F79EFBC}") = "Assembly-CSharp", "Assembly-CSharp.csproj", "{72AD58D2-8676-54EE-D85D-A8323F39F52B}"
EndProject
Project("{FAE04EC0-301F-11D3-BF4B-00C04F79EFBC}") = "Assembly-CSharp-Editor", "Assembly-CSharp-Editor.csproj", "{AD7DF834-71F5-2B1C-B65B-A160D8A9B131}"
EndProject
Global
	GlobalSection(SolutionConfigurationPlatforms) = preSolution
		Debug|Any CPU = Debug|Any CPU
		Release|Any CPU = Release|Any CPU
	EndGlobalSection
	GlobalSection(ProjectConfigurationPlatforms) = postSolution
		{72AD58D2-8676-54EE-D85D-A8323F39F52B}.Debug|Any CPU.ActiveCfg = Debug|Any CPU
		{72AD58D2-8676-54EE-D85D-A8323F39F52B}.Debug|Any CPU.Build.0 = Debug|Any CPU
		{72AD58D2-8676-54EE-D85D-A8323F39F52B}.Release|Any CPU.ActiveCfg = Release|Any CPU
		{72AD58D2-8676-54EE-D85D-A8323F39F52B}.Release|Any CPU.Build.0 = Release|Any CPU
		{AD7DF834-71F5-2B1C-B65B-A160D8A9B131}.Debug|Any CPU.ActiveCfg = Debug|Any CPU
		{AD7DF834-71F5-2B1C-B65B-A160D8A9B131}.Debug|Any CPU.Build.0 = Debug|Any CPU
		{AD7DF834-71F5-2B1C-B65B-A160D8A9B131}.Release|Any CPU.ActiveCfg = Release|Any CPU
		{AD7DF834-71F5-2B1C-B65B-A160D8A9B131}.Release|Any CPU.Build.0 = Release|Any CPU
	EndGlobalSection
	GlobalSection(SolutionProperties) = preSolution
		HideSolutionNode = FALSE
	EndGlobalSection
EndGlobal
